
Microsoft Visual Studio Solution File, Format Version 12.00
# Visual Studio Version 17
VisualStudioVersion = 17.0.31717.71
MinimumVisualStudioVersion = 10.0.40219.1
Project("{9A19103F-16F7-4668-BE54-9A1E7A4F7556}") = "Poke.MoveTranslator.PWA", "src/Poke.MoveTranslator.PWA/Poke.MoveTranslator.PWA.csproj", "{FC13BBC0-9779-4178-B095-33F88BDE167C}"
EndProject
Project("{2150E333-8FDC-42A3-9474-1A3956D46DE8}") = "tests", "tests", "{8839D3CE-902C-4141-A39D-165492C46BB6}"
EndProject
Project("{2150E333-8FDC-42A3-9474-1A3956D46DE8}") = "src", "src", "{331ABFC0-96C4-4DB8-833A-7363EF84C7D9}"
EndProject
Project("{FAE04EC0-301F-11D3-BF4B-00C04F79EFBC}") = "Poke.MoveTranslator.UnitTests", "tests\Poke.MoveTranslator.UnitTests\Poke.MoveTranslator.UnitTests.csproj", "{FACA6332-8346-4791-94A7-DAADF9700A18}"
EndProject
Global
	GlobalSection(SolutionConfigurationPlatforms) = preSolution
		Debug|Any CPU = Debug|Any CPU
		Release|Any CPU = Release|Any CPU
	EndGlobalSection
	GlobalSection(ProjectConfigurationPlatforms) = postSolution
		{FC13BBC0-9779-4178-B095-33F88BDE167C}.Debug|Any CPU.ActiveCfg = Debug|Any CPU
		{FC13BBC0-9779-4178-B095-33F88BDE167C}.Debug|Any CPU.Build.0 = Debug|Any CPU
		{FC13BBC0-9779-4178-B095-33F88BDE167C}.Release|Any CPU.ActiveCfg = Release|Any CPU
		{FC13BBC0-9779-4178-B095-33F88BDE167C}.Release|Any CPU.Build.0 = Release|Any CPU
		{FACA6332-8346-4791-94A7-DAADF9700A18}.Debug|Any CPU.ActiveCfg = Debug|Any CPU
		{FACA6332-8346-4791-94A7-DAADF9700A18}.Debug|Any CPU.Build.0 = Debug|Any CPU
		{FACA6332-8346-4791-94A7-DAADF9700A18}.Release|Any CPU.ActiveCfg = Release|Any CPU
		{FACA6332-8346-4791-94A7-DAADF9700A18}.Release|Any CPU.Build.0 = Release|Any CPU
	EndGlobalSection
	GlobalSection(SolutionProperties) = preSolution
		HideSolutionNode = FALSE
	EndGlobalSection
	GlobalSection(ExtensibilityGlobals) = postSolution
		SolutionGuid = {8C83CD2E-BFF9-4026-A10B-D192AA7F42AF}
	EndGlobalSection
	GlobalSection(NestedProjects) = preSolution
		{FC13BBC0-9779-4178-B095-33F88BDE167C} = {331ABFC0-96C4-4DB8-833A-7363EF84C7D9}
		{FACA6332-8346-4791-94A7-DAADF9700A18} = {8839D3CE-902C-4141-A39D-165492C46BB6}
	EndGlobalSection
EndGlobal
