
Microsoft Visual Studio Solution File, Format Version 12.00
# Visual Studio Version 17
VisualStudioVersion = 17.0.31717.71
MinimumVisualStudioVersion = 10.0.40219.1
Project("{9A19103F-16F7-4668-BE54-9A1E7A4F7556}") = "Poke.MoveTranslator.PWA", "src/Poke.MoveTranslator.PWA/Poke.MoveTranslator.PWA.csproj", "{FC13BBC0-9779-4178-B095-33F88BDE167C}"
EndProject
Global
	GlobalSection(SolutionConfigurationPlatforms) = preSolution
		Debug|Any CPU = Debug|Any CPU
		Release|Any CPU = Release|Any CPU
	EndGlobalSection
	GlobalSection(ProjectConfigurationPlatforms) = postSolution
		{FC13BBC0-9779-4178-B095-33F88BDE167C}.Debug|Any CPU.ActiveCfg = Debug|Any CPU
		{FC13BBC0-9779-4178-B095-33F88BDE167C}.Debug|Any CPU.Build.0 = Debug|Any CPU
		{FC13BBC0-9779-4178-B095-33F88BDE167C}.Release|Any CPU.ActiveCfg = Release|Any CPU
		{FC13BBC0-9779-4178-B095-33F88BDE167C}.Release|Any CPU.Build.0 = Release|Any CPU
	EndGlobalSection
	GlobalSection(SolutionProperties) = preSolution
		HideSolutionNode = FALSE
	EndGlobalSection
	GlobalSection(ExtensibilityGlobals) = postSolution
		SolutionGuid = {8C83CD2E-BFF9-4026-A10B-D192AA7F42AF}
	EndGlobalSection
EndGlobal